// !$*UTF8*$!
{
	archiveVersion = 1;
	classes = {
	};
	objectVersion = 50;
	objects = {

/* Begin PBXBuildFile section */
		48022816211B203500AEFB58 /* EquationKit.framework in Frameworks */ = {isa = PBXBuildFile; fileRef = 48022802211B1FFC00AEFB58 /* EquationKit.framework */; };
		48022825211B20A400AEFB58 /* EquationKit.h in Headers */ = {isa = PBXBuildFile; fileRef = 48022824211B209C00AEFB58 /* EquationKit.h */; settings = {ATTRIBUTES = (Public, ); }; };
		481596422131804D00C49431 /* PolynomialsExponentiatedTests.swift in Sources */ = {isa = PBXBuildFile; fileRef = 482972A421317D1400EB0CA9 /* PolynomialsExponentiatedTests.swift */; };
		48159643213182DE00C49431 /* ConcatenationBySubtractionTests.swift in Sources */ = {isa = PBXBuildFile; fileRef = 4829729E21317D1400EB0CA9 /* ConcatenationBySubtractionTests.swift */; };
		48159644213182E200C49431 /* ConcatenationByMultiplicationTests.swift in Sources */ = {isa = PBXBuildFile; fileRef = 482972A021317D1400EB0CA9 /* ConcatenationByMultiplicationTests.swift */; };
		48159645213182F100C49431 /* ConcatenationByAdditionTests.swift in Sources */ = {isa = PBXBuildFile; fileRef = 482972A221317D1400EB0CA9 /* ConcatenationByAdditionTests.swift */; };
		481596462131830800C49431 /* SimpleDifferentiationTests.swift in Sources */ = {isa = PBXBuildFile; fileRef = 482972A621317D1400EB0CA9 /* SimpleDifferentiationTests.swift */; };
		481596472131830B00C49431 /* ExponentiationArraySortingTests.swift in Sources */ = {isa = PBXBuildFile; fileRef = 482972A721317D1400EB0CA9 /* ExponentiationArraySortingTests.swift */; };
		481596482131830E00C49431 /* TermSortingTests.swift in Sources */ = {isa = PBXBuildFile; fileRef = 482972A821317D1400EB0CA9 /* TermSortingTests.swift */; };
		481596492131831100C49431 /* ExploringRandomStuffTests.swift in Sources */ = {isa = PBXBuildFile; fileRef = 482972A921317D1400EB0CA9 /* ExploringRandomStuffTests.swift */; };
		4815964C21318A4100C49431 /* Double_Operators.swift in Sources */ = {isa = PBXBuildFile; fileRef = 4815964B21318A4100C49431 /* Double_Operators.swift */; };
		4815964E2131909400C49431 /* Evaluatable.swift in Sources */ = {isa = PBXBuildFile; fileRef = 4815964D2131909400C49431 /* Evaluatable.swift */; };
		481596502132D7BB00C49431 /* Solvable.swift in Sources */ = {isa = PBXBuildFile; fileRef = 4815964F2132D7BB00C49431 /* Solvable.swift */; };
		4815965B2132E57300C49431 /* Double_Variables.swift in Sources */ = {isa = PBXBuildFile; fileRef = 4815965A2132E57300C49431 /* Double_Variables.swift */; };
		4815965E2132E65200C49431 /* FloatingPointNumberExpressible.swift in Sources */ = {isa = PBXBuildFile; fileRef = 4815965D2132E65200C49431 /* FloatingPointNumberExpressible.swift */; };
		481596602132E67400C49431 /* Double+FloatingPointNumberExpressible.swift in Sources */ = {isa = PBXBuildFile; fileRef = 4815965F2132E67300C49431 /* Double+FloatingPointNumberExpressible.swift */; };
		481596622132E68400C49431 /* IntegerNumberExpressible.swift in Sources */ = {isa = PBXBuildFile; fileRef = 481596612132E68400C49431 /* IntegerNumberExpressible.swift */; };
		481596642132E69900C49431 /* Int+IntegerNumberExpressible.swift in Sources */ = {isa = PBXBuildFile; fileRef = 481596632132E69900C49431 /* Int+IntegerNumberExpressible.swift */; };
		482972AA21317D2700EB0CA9 /* PolynomialMultipliedByPolynomialTests.swift in Sources */ = {isa = PBXBuildFile; fileRef = 482972A321317D1400EB0CA9 /* PolynomialMultipliedByPolynomialTests.swift */; };
		482D232F21317B26004B2E50 /* BigIntAdditionTests.swift in Sources */ = {isa = PBXBuildFile; fileRef = 482D232B21317B26004B2E50 /* BigIntAdditionTests.swift */; };
		482D234E21317B3D004B2E50 /* DoubleTestsBase.swift in Sources */ = {isa = PBXBuildFile; fileRef = 482D234221317B3D004B2E50 /* DoubleTestsBase.swift */; };
		4838F14A212F4AF9008D5626 /* Differentiatable.swift in Sources */ = {isa = PBXBuildFile; fileRef = 48FBE3D42124ABCE00ECD8D7 /* Differentiatable.swift */; };
		487C60C0212F053A00F72442 /* Negatable.swift in Sources */ = {isa = PBXBuildFile; fileRef = 48FBE3D22124ABC300ECD8D7 /* Negatable.swift */; };
		487C60C1212F054900F72442 /* NamedVariable.swift in Sources */ = {isa = PBXBuildFile; fileRef = 48FBE3C72124A63900ECD8D7 /* NamedVariable.swift */; };
		487C60C4212F057100F72442 /* Variable.swift in Sources */ = {isa = PBXBuildFile; fileRef = 48FBE3C92124A64C00ECD8D7 /* Variable.swift */; };
		487C60C5212F057F00F72442 /* NumberExpressible.swift in Sources */ = {isa = PBXBuildFile; fileRef = 4818E1E5212DC92B0027D2C5 /* NumberExpressible.swift */; };
		487C60C6212F058900F72442 /* ModulusMode.swift in Sources */ = {isa = PBXBuildFile; fileRef = 48FBE3C22124A48300ECD8D7 /* ModulusMode.swift */; };
		487C60C7212F058C00F72442 /* ModulusFunction.swift in Sources */ = {isa = PBXBuildFile; fileRef = 48FBE3CB2124A6AA00ECD8D7 /* ModulusFunction.swift */; };
		487C60C8212F059900F72442 /* Constant.swift in Sources */ = {isa = PBXBuildFile; fileRef = 48FBE3C42124A49B00ECD8D7 /* Constant.swift */; };
		487C60CA212F05CB00F72442 /* Array_Extension.swift in Sources */ = {isa = PBXBuildFile; fileRef = 48FBE3D82124AEB100ECD8D7 /* Array_Extension.swift */; };
		487C60CD212F068300F72442 /* Algebraic.swift in Sources */ = {isa = PBXBuildFile; fileRef = 48FBE3DC212639C700ECD8D7 /* Algebraic.swift */; };
		487C60CF212F06C300F72442 /* ExponentiationProtocol.swift in Sources */ = {isa = PBXBuildFile; fileRef = 48FBE3CD2124A6CC00ECD8D7 /* ExponentiationProtocol.swift */; };
		487C60D1212F07C100F72442 /* TermProtocol.swift in Sources */ = {isa = PBXBuildFile; fileRef = 48FBE3CF2124A91400ECD8D7 /* TermProtocol.swift */; };
		487C60D6212F086F00F72442 /* PolynomialProtocol.swift in Sources */ = {isa = PBXBuildFile; fileRef = 484D742421238C64003C1700 /* PolynomialProtocol.swift */; };
		487C60D7212F0B0000F72442 /* CustomOperators.swift in Sources */ = {isa = PBXBuildFile; fileRef = 48FBE3BF2124A45E00ECD8D7 /* CustomOperators.swift */; };
		487C60D8212F0B0500F72442 /* Comparable_Extension.swift in Sources */ = {isa = PBXBuildFile; fileRef = 48D95963212C3E3400C86B50 /* Comparable_Extension.swift */; };
		48AB0AEB213981FA00801711 /* AbsoluteConvertible.swift in Sources */ = {isa = PBXBuildFile; fileRef = 48AB0AEA213981FA00801711 /* AbsoluteConvertible.swift */; };
		48AB0AED2139856300801711 /* TermProtocol+AbsoluteConvertible.swift in Sources */ = {isa = PBXBuildFile; fileRef = 48AB0AEC2139856300801711 /* TermProtocol+AbsoluteConvertible.swift */; };
		48AB0AEF2139857A00801711 /* PolynomialProtocol+AbsoluteConvertible.swift in Sources */ = {isa = PBXBuildFile; fileRef = 48AB0AEE2139857A00801711 /* PolynomialProtocol+AbsoluteConvertible.swift */; };
		48AB0AF2213A9D1C00801711 /* Variable+Assignment.swift in Sources */ = {isa = PBXBuildFile; fileRef = 48AB0AF1213A9D1C00801711 /* Variable+Assignment.swift */; };
		48AB0AF5213ABDBD00801711 /* MathematicalOperatorTests.swift in Sources */ = {isa = PBXBuildFile; fileRef = 48AB0AF3213ABBEE00801711 /* MathematicalOperatorTests.swift */; };
		48AB0AF8213AE19E00801711 /* NumberAndConstants.swift in Sources */ = {isa = PBXBuildFile; fileRef = 48AB0AF7213AE19E00801711 /* NumberAndConstants.swift */; };
		48AB0AFA213AE1BC00801711 /* CongruentEqualityOperand.swift in Sources */ = {isa = PBXBuildFile; fileRef = 48AB0AF9213AE1BC00801711 /* CongruentEqualityOperand.swift */; };
		48AB0AFC213AE70500801711 /* PolynomialEvaluationOperators.swift in Sources */ = {isa = PBXBuildFile; fileRef = 48AB0AFB213AE70500801711 /* PolynomialEvaluationOperators.swift */; };
		48AB0AFE213AE75400801711 /* ModularEvaluationOperand.swift in Sources */ = {isa = PBXBuildFile; fileRef = 48AB0AFD213AE75400801711 /* ModularEvaluationOperand.swift */; };
		48AB0B00213AE77300801711 /* PolynomialCongruenceEvaluationOperators.swift in Sources */ = {isa = PBXBuildFile; fileRef = 48AB0AFF213AE77300801711 /* PolynomialCongruenceEvaluationOperators.swift */; };
		48AB0B02213AE81600801711 /* PolynomialEvaluationSubtitutionOfVariablesToConstantsOperators.swift in Sources */ = {isa = PBXBuildFile; fileRef = 48AB0B01213AE81600801711 /* PolynomialEvaluationSubtitutionOfVariablesToConstantsOperators.swift */; };
		48E4044921317A77003DEA4B /* EquationKit.framework in Frameworks */ = {isa = PBXBuildFile; fileRef = 48022802211B1FFC00AEFB58 /* EquationKit.framework */; };
		48E70E62213057FF00DF10AF /* ExponentiationProtocol+Evaluatable.swift in Sources */ = {isa = PBXBuildFile; fileRef = 48E70E61213057FF00DF10AF /* ExponentiationProtocol+Evaluatable.swift */; };
		48E70E642130582000DF10AF /* ExponentiationProtocol+Comparable.swift in Sources */ = {isa = PBXBuildFile; fileRef = 48E70E632130582000DF10AF /* ExponentiationProtocol+Comparable.swift */; };
		48E70E662130585F00DF10AF /* ExponentiationProtocol+CustomStringConvertible.swift in Sources */ = {isa = PBXBuildFile; fileRef = 48E70E652130585F00DF10AF /* ExponentiationProtocol+CustomStringConvertible.swift */; };
		48E70E682130587C00DF10AF /* ExponentiationProtocol+Concrete.swift in Sources */ = {isa = PBXBuildFile; fileRef = 48E70E672130587C00DF10AF /* ExponentiationProtocol+Concrete.swift */; };
		48E70E6B213058E200DF10AF /* TermProtocol+Concrete.swift in Sources */ = {isa = PBXBuildFile; fileRef = 48E70E6A213058E200DF10AF /* TermProtocol+Concrete.swift */; };
		48E70E6D2130596300DF10AF /* TermProtocol+Negatable.swift in Sources */ = {isa = PBXBuildFile; fileRef = 48E70E6C2130596300DF10AF /* TermProtocol+Negatable.swift */; };
		48E70E6F2130597400DF10AF /* TermProtocol+Evaluatable.swift in Sources */ = {isa = PBXBuildFile; fileRef = 48E70E6E2130597400DF10AF /* TermProtocol+Evaluatable.swift */; };
		48E70E712130598500DF10AF /* TermProtocol+Comparable.swift in Sources */ = {isa = PBXBuildFile; fileRef = 48E70E702130598500DF10AF /* TermProtocol+Comparable.swift */; };
		48E70E73213059C600DF10AF /* TermProtocol+CustomStringConvertible.swift in Sources */ = {isa = PBXBuildFile; fileRef = 48E70E72213059C600DF10AF /* TermProtocol+CustomStringConvertible.swift */; };
		48E70E7A21305A8E00DF10AF /* TermProtocol+Sorting.swift in Sources */ = {isa = PBXBuildFile; fileRef = 48E70E7921305A8E00DF10AF /* TermProtocol+Sorting.swift */; };
		48E70E8021305B1300DF10AF /* PolynomialProtocol+Concrete.swift in Sources */ = {isa = PBXBuildFile; fileRef = 48E70E7F21305B1300DF10AF /* PolynomialProtocol+Concrete.swift */; };
		48E70E8221305B5500DF10AF /* PolynomialProtocol+CustomStringConvertible.swift in Sources */ = {isa = PBXBuildFile; fileRef = 48E70E8121305B5500DF10AF /* PolynomialProtocol+CustomStringConvertible.swift */; };
		48E70E8421305B6A00DF10AF /* PolynomialProtocol+Negatable.swift in Sources */ = {isa = PBXBuildFile; fileRef = 48E70E8321305B6A00DF10AF /* PolynomialProtocol+Negatable.swift */; };
		48E70E8621305B7C00DF10AF /* PolynomialProtocol+Evaluatable.swift in Sources */ = {isa = PBXBuildFile; fileRef = 48E70E8521305B7C00DF10AF /* PolynomialProtocol+Evaluatable.swift */; };
		48E70E8821305BA600DF10AF /* PolynomialProtocol+Equatable.swift in Sources */ = {isa = PBXBuildFile; fileRef = 48E70E8721305BA600DF10AF /* PolynomialProtocol+Equatable.swift */; };
		48E70E932130620500DF10AF /* PolynomialProtocol+Differentiatable.swift in Sources */ = {isa = PBXBuildFile; fileRef = 48E70E922130620500DF10AF /* PolynomialProtocol+Differentiatable.swift */; };
		48E70E952130621A00DF10AF /* TermProtocol+Differentiatable.swift in Sources */ = {isa = PBXBuildFile; fileRef = 48E70E942130621A00DF10AF /* TermProtocol+Differentiatable.swift */; };
		48E70E972130622C00DF10AF /* ExponentiationProtocol+Differentiatable.swift in Sources */ = {isa = PBXBuildFile; fileRef = 48E70E962130622C00DF10AF /* ExponentiationProtocol+Differentiatable.swift */; };
		48E70EA82130649A00DF10AF /* Sorting.swift in Sources */ = {isa = PBXBuildFile; fileRef = 48D95970212C69B800C86B50 /* Sorting.swift */; };
		48E70EA92130649A00DF10AF /* SortingBetweenTerms.swift in Sources */ = {isa = PBXBuildFile; fileRef = 48D95972212C69CC00C86B50 /* SortingBetweenTerms.swift */; };
		48E70EAA2130649A00DF10AF /* SortingWithinTerm.swift in Sources */ = {isa = PBXBuildFile; fileRef = 48D95974212C69E100C86B50 /* SortingWithinTerm.swift */; };
		48E70EB42130883800DF10AF /* PolynomialProtocol+Concatenation.swift in Sources */ = {isa = PBXBuildFile; fileRef = 48E70EB32130883800DF10AF /* PolynomialProtocol+Concatenation.swift */; };
		48E70EB62130891D00DF10AF /* TermProtocol+Concatenation.swift in Sources */ = {isa = PBXBuildFile; fileRef = 48E70EB52130891D00DF10AF /* TermProtocol+Concatenation.swift */; };
		48E70EBB21315C4900DF10AF /* TermSorting.swift in Sources */ = {isa = PBXBuildFile; fileRef = 48D95976212C69EE00C86B50 /* TermSorting.swift */; };
		48F0A2BD2137248300C32C12 /* SipHash.framework in Frameworks */ = {isa = PBXBuildFile; fileRef = 48F0A2BB2137248300C32C12 /* SipHash.framework */; };
		48F0A2BE2137248300C32C12 /* BigInt.framework in Frameworks */ = {isa = PBXBuildFile; fileRef = 48F0A2BC2137248300C32C12 /* BigInt.framework */; };
		48F0A2C22137266D00C32C12 /* SipHash.framework in Embed Frameworks */ = {isa = PBXBuildFile; fileRef = 48F0A2BB2137248300C32C12 /* SipHash.framework */; settings = {ATTRIBUTES = (CodeSignOnCopy, RemoveHeadersOnCopy, ); }; };
		48F0A2C32137267A00C32C12 /* BigInt.framework in Embed Frameworks */ = {isa = PBXBuildFile; fileRef = 48F0A2BC2137248300C32C12 /* BigInt.framework */; settings = {ATTRIBUTES = (CodeSignOnCopy, RemoveHeadersOnCopy, ); }; };
		48F0A2C4213727B300C32C12 /* BigInt+IntegerNumberExpressible.swift in Sources */ = {isa = PBXBuildFile; fileRef = 481596532132E0F800C49431 /* BigInt+IntegerNumberExpressible.swift */; };
		48F0A2C5213727B300C32C12 /* BigInt_Operators.swift in Sources */ = {isa = PBXBuildFile; fileRef = 481596552132E11900C49431 /* BigInt_Operators.swift */; };
		48F0A2C6213727B300C32C12 /* BigInt_Variables.swift in Sources */ = {isa = PBXBuildFile; fileRef = 481596572132E4C100C49431 /* BigInt_Variables.swift */; };
/* End PBXBuildFile section */

/* Begin PBXContainerItemProxy section */
		48022817211B203500AEFB58 /* PBXContainerItemProxy */ = {
			isa = PBXContainerItemProxy;
			containerPortal = 480227F9211B1FFC00AEFB58 /* Project object */;
			proxyType = 1;
			remoteGlobalIDString = 48022801211B1FFC00AEFB58;
			remoteInfo = EquationKit;
		};
		48F0A2BF213725CB00C32C12 /* PBXContainerItemProxy */ = {
			isa = PBXContainerItemProxy;
			containerPortal = 480227F9211B1FFC00AEFB58 /* Project object */;
			proxyType = 1;
			remoteGlobalIDString = 48022801211B1FFC00AEFB58;
			remoteInfo = EquationKit;
		};
/* End PBXContainerItemProxy section */

/* Begin PBXCopyFilesBuildPhase section */
		48F0A2C12137264A00C32C12 /* Embed Frameworks */ = {
			isa = PBXCopyFilesBuildPhase;
			buildActionMask = 2147483647;
			dstPath = "";
			dstSubfolderSpec = 10;
			files = (
				48F0A2C32137267A00C32C12 /* BigInt.framework in Embed Frameworks */,
				48F0A2C22137266D00C32C12 /* SipHash.framework in Embed Frameworks */,
			);
			name = "Embed Frameworks";
			runOnlyForDeploymentPostprocessing = 0;
		};
/* End PBXCopyFilesBuildPhase section */

/* Begin PBXFileReference section */
		48022802211B1FFC00AEFB58 /* EquationKit.framework */ = {isa = PBXFileReference; explicitFileType = wrapper.framework; includeInIndex = 0; path = EquationKit.framework; sourceTree = BUILT_PRODUCTS_DIR; };
		48022811211B203500AEFB58 /* EquationKitDoubleTests.xctest */ = {isa = PBXFileReference; explicitFileType = wrapper.cfbundle; includeInIndex = 0; path = EquationKitDoubleTests.xctest; sourceTree = BUILT_PRODUCTS_DIR; };
		48022823211B209C00AEFB58 /* EquationKit-Info.plist */ = {isa = PBXFileReference; lastKnownFileType = text.plist.xml; path = "EquationKit-Info.plist"; sourceTree = "<group>"; };
		48022824211B209C00AEFB58 /* EquationKit.h */ = {isa = PBXFileReference; lastKnownFileType = sourcecode.c.h; path = EquationKit.h; sourceTree = "<group>"; };
		4815964B21318A4100C49431 /* Double_Operators.swift */ = {isa = PBXFileReference; lastKnownFileType = sourcecode.swift; path = Double_Operators.swift; sourceTree = "<group>"; };
		4815964D2131909400C49431 /* Evaluatable.swift */ = {isa = PBXFileReference; fileEncoding = 4; lastKnownFileType = sourcecode.swift; path = Evaluatable.swift; sourceTree = "<group>"; };
		4815964F2132D7BB00C49431 /* Solvable.swift */ = {isa = PBXFileReference; lastKnownFileType = sourcecode.swift; path = Solvable.swift; sourceTree = "<group>"; };
		481596532132E0F800C49431 /* BigInt+IntegerNumberExpressible.swift */ = {isa = PBXFileReference; lastKnownFileType = sourcecode.swift; path = "BigInt+IntegerNumberExpressible.swift"; sourceTree = "<group>"; };
		481596552132E11900C49431 /* BigInt_Operators.swift */ = {isa = PBXFileReference; lastKnownFileType = sourcecode.swift; path = BigInt_Operators.swift; sourceTree = "<group>"; };
		481596572132E4C100C49431 /* BigInt_Variables.swift */ = {isa = PBXFileReference; lastKnownFileType = sourcecode.swift; path = BigInt_Variables.swift; sourceTree = "<group>"; };
		4815965A2132E57300C49431 /* Double_Variables.swift */ = {isa = PBXFileReference; lastKnownFileType = sourcecode.swift; path = Double_Variables.swift; sourceTree = "<group>"; };
		4815965D2132E65200C49431 /* FloatingPointNumberExpressible.swift */ = {isa = PBXFileReference; lastKnownFileType = sourcecode.swift; path = FloatingPointNumberExpressible.swift; sourceTree = "<group>"; };
		4815965F2132E67300C49431 /* Double+FloatingPointNumberExpressible.swift */ = {isa = PBXFileReference; lastKnownFileType = sourcecode.swift; path = "Double+FloatingPointNumberExpressible.swift"; sourceTree = "<group>"; };
		481596612132E68400C49431 /* IntegerNumberExpressible.swift */ = {isa = PBXFileReference; lastKnownFileType = sourcecode.swift; path = IntegerNumberExpressible.swift; sourceTree = "<group>"; };
		481596632132E69900C49431 /* Int+IntegerNumberExpressible.swift */ = {isa = PBXFileReference; lastKnownFileType = sourcecode.swift; path = "Int+IntegerNumberExpressible.swift"; sourceTree = "<group>"; };
		4818E1E5212DC92B0027D2C5 /* NumberExpressible.swift */ = {isa = PBXFileReference; lastKnownFileType = sourcecode.swift; path = NumberExpressible.swift; sourceTree = "<group>"; };
		4829729E21317D1400EB0CA9 /* ConcatenationBySubtractionTests.swift */ = {isa = PBXFileReference; lastKnownFileType = sourcecode.swift; path = ConcatenationBySubtractionTests.swift; sourceTree = "<group>"; };
		482972A021317D1400EB0CA9 /* ConcatenationByMultiplicationTests.swift */ = {isa = PBXFileReference; lastKnownFileType = sourcecode.swift; path = ConcatenationByMultiplicationTests.swift; sourceTree = "<group>"; };
		482972A221317D1400EB0CA9 /* ConcatenationByAdditionTests.swift */ = {isa = PBXFileReference; lastKnownFileType = sourcecode.swift; path = ConcatenationByAdditionTests.swift; sourceTree = "<group>"; };
		482972A321317D1400EB0CA9 /* PolynomialMultipliedByPolynomialTests.swift */ = {isa = PBXFileReference; lastKnownFileType = sourcecode.swift; path = PolynomialMultipliedByPolynomialTests.swift; sourceTree = "<group>"; };
		482972A421317D1400EB0CA9 /* PolynomialsExponentiatedTests.swift */ = {isa = PBXFileReference; lastKnownFileType = sourcecode.swift; path = PolynomialsExponentiatedTests.swift; sourceTree = "<group>"; };
		482972A621317D1400EB0CA9 /* SimpleDifferentiationTests.swift */ = {isa = PBXFileReference; lastKnownFileType = sourcecode.swift; path = SimpleDifferentiationTests.swift; sourceTree = "<group>"; };
		482972A721317D1400EB0CA9 /* ExponentiationArraySortingTests.swift */ = {isa = PBXFileReference; lastKnownFileType = sourcecode.swift; path = ExponentiationArraySortingTests.swift; sourceTree = "<group>"; };
		482972A821317D1400EB0CA9 /* TermSortingTests.swift */ = {isa = PBXFileReference; lastKnownFileType = sourcecode.swift; path = TermSortingTests.swift; sourceTree = "<group>"; };
		482972A921317D1400EB0CA9 /* ExploringRandomStuffTests.swift */ = {isa = PBXFileReference; lastKnownFileType = sourcecode.swift; path = ExploringRandomStuffTests.swift; sourceTree = "<group>"; };
		482D232B21317B26004B2E50 /* BigIntAdditionTests.swift */ = {isa = PBXFileReference; fileEncoding = 4; lastKnownFileType = sourcecode.swift; path = BigIntAdditionTests.swift; sourceTree = "<group>"; };
		482D232E21317B26004B2E50 /* EquationKit-BigIntTests-Info.plist */ = {isa = PBXFileReference; fileEncoding = 4; lastKnownFileType = text.plist.xml; path = "EquationKit-BigIntTests-Info.plist"; sourceTree = "<group>"; };
		482D234221317B3D004B2E50 /* DoubleTestsBase.swift */ = {isa = PBXFileReference; fileEncoding = 4; lastKnownFileType = sourcecode.swift; path = DoubleTestsBase.swift; sourceTree = "<group>"; };
		482D234421317B3D004B2E50 /* EquationKit-DoubleTests-Info.plist */ = {isa = PBXFileReference; fileEncoding = 4; lastKnownFileType = text.plist.xml; path = "EquationKit-DoubleTests-Info.plist"; sourceTree = "<group>"; };
		484D742421238C64003C1700 /* PolynomialProtocol.swift */ = {isa = PBXFileReference; lastKnownFileType = sourcecode.swift; path = PolynomialProtocol.swift; sourceTree = "<group>"; };
		489746ED213718A6008C10EA /* equationkit_debug.xcconfig */ = {isa = PBXFileReference; fileEncoding = 4; lastKnownFileType = text.xcconfig; path = equationkit_debug.xcconfig; sourceTree = "<group>"; };
		489746F6213718A6008C10EA /* equationkit_release.xcconfig */ = {isa = PBXFileReference; fileEncoding = 4; lastKnownFileType = text.xcconfig; path = equationkit_release.xcconfig; sourceTree = "<group>"; };
		4897470721371968008C10EA /* equationkit_double_tests.xcconfig */ = {isa = PBXFileReference; lastKnownFileType = text.xcconfig; path = equationkit_double_tests.xcconfig; sourceTree = "<group>"; };
		4897470821371968008C10EA /* equationkit_bigint_tests.xcconfig */ = {isa = PBXFileReference; lastKnownFileType = text.xcconfig; path = equationkit_bigint_tests.xcconfig; sourceTree = "<group>"; };
		4897470921371A06008C10EA /* equationkit.xcconfig */ = {isa = PBXFileReference; lastKnownFileType = text.xcconfig; path = equationkit.xcconfig; sourceTree = "<group>"; };
		48AB0AEA213981FA00801711 /* AbsoluteConvertible.swift */ = {isa = PBXFileReference; lastKnownFileType = sourcecode.swift; path = AbsoluteConvertible.swift; sourceTree = "<group>"; };
		48AB0AEC2139856300801711 /* TermProtocol+AbsoluteConvertible.swift */ = {isa = PBXFileReference; lastKnownFileType = sourcecode.swift; path = "TermProtocol+AbsoluteConvertible.swift"; sourceTree = "<group>"; };
		48AB0AEE2139857A00801711 /* PolynomialProtocol+AbsoluteConvertible.swift */ = {isa = PBXFileReference; lastKnownFileType = sourcecode.swift; path = "PolynomialProtocol+AbsoluteConvertible.swift"; sourceTree = "<group>"; };
		48AB0AF1213A9D1C00801711 /* Variable+Assignment.swift */ = {isa = PBXFileReference; lastKnownFileType = sourcecode.swift; path = "Variable+Assignment.swift"; sourceTree = "<group>"; };
		48AB0AF3213ABBEE00801711 /* MathematicalOperatorTests.swift */ = {isa = PBXFileReference; lastKnownFileType = sourcecode.swift; path = MathematicalOperatorTests.swift; sourceTree = "<group>"; };
		48AB0AF7213AE19E00801711 /* NumberAndConstants.swift */ = {isa = PBXFileReference; lastKnownFileType = sourcecode.swift; path = NumberAndConstants.swift; sourceTree = "<group>"; };
		48AB0AF9213AE1BC00801711 /* CongruentEqualityOperand.swift */ = {isa = PBXFileReference; lastKnownFileType = sourcecode.swift; path = CongruentEqualityOperand.swift; sourceTree = "<group>"; };
		48AB0AFB213AE70500801711 /* PolynomialEvaluationOperators.swift */ = {isa = PBXFileReference; lastKnownFileType = sourcecode.swift; path = PolynomialEvaluationOperators.swift; sourceTree = "<group>"; };
		48AB0AFD213AE75400801711 /* ModularEvaluationOperand.swift */ = {isa = PBXFileReference; lastKnownFileType = sourcecode.swift; path = ModularEvaluationOperand.swift; sourceTree = "<group>"; };
		48AB0AFF213AE77300801711 /* PolynomialCongruenceEvaluationOperators.swift */ = {isa = PBXFileReference; lastKnownFileType = sourcecode.swift; path = PolynomialCongruenceEvaluationOperators.swift; sourceTree = "<group>"; };
		48AB0B01213AE81600801711 /* PolynomialEvaluationSubtitutionOfVariablesToConstantsOperators.swift */ = {isa = PBXFileReference; lastKnownFileType = sourcecode.swift; path = PolynomialEvaluationSubtitutionOfVariablesToConstantsOperators.swift; sourceTree = "<group>"; };
		48D95963212C3E3400C86B50 /* Comparable_Extension.swift */ = {isa = PBXFileReference; lastKnownFileType = sourcecode.swift; path = Comparable_Extension.swift; sourceTree = "<group>"; };
		48D95970212C69B800C86B50 /* Sorting.swift */ = {isa = PBXFileReference; lastKnownFileType = sourcecode.swift; path = Sorting.swift; sourceTree = "<group>"; };
		48D95972212C69CC00C86B50 /* SortingBetweenTerms.swift */ = {isa = PBXFileReference; lastKnownFileType = sourcecode.swift; path = SortingBetweenTerms.swift; sourceTree = "<group>"; };
		48D95974212C69E100C86B50 /* SortingWithinTerm.swift */ = {isa = PBXFileReference; lastKnownFileType = sourcecode.swift; path = SortingWithinTerm.swift; sourceTree = "<group>"; };
		48D95976212C69EE00C86B50 /* TermSorting.swift */ = {isa = PBXFileReference; lastKnownFileType = sourcecode.swift; path = TermSorting.swift; sourceTree = "<group>"; };
		48E4044421317A77003DEA4B /* EquationKitBigIntTests.xctest */ = {isa = PBXFileReference; explicitFileType = wrapper.cfbundle; includeInIndex = 0; path = EquationKitBigIntTests.xctest; sourceTree = BUILT_PRODUCTS_DIR; };
		48E70E61213057FF00DF10AF /* ExponentiationProtocol+Evaluatable.swift */ = {isa = PBXFileReference; lastKnownFileType = sourcecode.swift; path = "ExponentiationProtocol+Evaluatable.swift"; sourceTree = "<group>"; };
		48E70E632130582000DF10AF /* ExponentiationProtocol+Comparable.swift */ = {isa = PBXFileReference; lastKnownFileType = sourcecode.swift; path = "ExponentiationProtocol+Comparable.swift"; sourceTree = "<group>"; };
		48E70E652130585F00DF10AF /* ExponentiationProtocol+CustomStringConvertible.swift */ = {isa = PBXFileReference; lastKnownFileType = sourcecode.swift; path = "ExponentiationProtocol+CustomStringConvertible.swift"; sourceTree = "<group>"; };
		48E70E672130587C00DF10AF /* ExponentiationProtocol+Concrete.swift */ = {isa = PBXFileReference; lastKnownFileType = sourcecode.swift; path = "ExponentiationProtocol+Concrete.swift"; sourceTree = "<group>"; };
		48E70E6A213058E200DF10AF /* TermProtocol+Concrete.swift */ = {isa = PBXFileReference; lastKnownFileType = sourcecode.swift; path = "TermProtocol+Concrete.swift"; sourceTree = "<group>"; };
		48E70E6C2130596300DF10AF /* TermProtocol+Negatable.swift */ = {isa = PBXFileReference; lastKnownFileType = sourcecode.swift; path = "TermProtocol+Negatable.swift"; sourceTree = "<group>"; };
		48E70E6E2130597400DF10AF /* TermProtocol+Evaluatable.swift */ = {isa = PBXFileReference; lastKnownFileType = sourcecode.swift; path = "TermProtocol+Evaluatable.swift"; sourceTree = "<group>"; };
		48E70E702130598500DF10AF /* TermProtocol+Comparable.swift */ = {isa = PBXFileReference; lastKnownFileType = sourcecode.swift; path = "TermProtocol+Comparable.swift"; sourceTree = "<group>"; };
		48E70E72213059C600DF10AF /* TermProtocol+CustomStringConvertible.swift */ = {isa = PBXFileReference; lastKnownFileType = sourcecode.swift; path = "TermProtocol+CustomStringConvertible.swift"; sourceTree = "<group>"; };
		48E70E7921305A8E00DF10AF /* TermProtocol+Sorting.swift */ = {isa = PBXFileReference; lastKnownFileType = sourcecode.swift; path = "TermProtocol+Sorting.swift"; sourceTree = "<group>"; };
		48E70E7F21305B1300DF10AF /* PolynomialProtocol+Concrete.swift */ = {isa = PBXFileReference; lastKnownFileType = sourcecode.swift; path = "PolynomialProtocol+Concrete.swift"; sourceTree = "<group>"; };
		48E70E8121305B5500DF10AF /* PolynomialProtocol+CustomStringConvertible.swift */ = {isa = PBXFileReference; lastKnownFileType = sourcecode.swift; path = "PolynomialProtocol+CustomStringConvertible.swift"; sourceTree = "<group>"; };
		48E70E8321305B6A00DF10AF /* PolynomialProtocol+Negatable.swift */ = {isa = PBXFileReference; lastKnownFileType = sourcecode.swift; path = "PolynomialProtocol+Negatable.swift"; sourceTree = "<group>"; };
		48E70E8521305B7C00DF10AF /* PolynomialProtocol+Evaluatable.swift */ = {isa = PBXFileReference; lastKnownFileType = sourcecode.swift; path = "PolynomialProtocol+Evaluatable.swift"; sourceTree = "<group>"; };
		48E70E8721305BA600DF10AF /* PolynomialProtocol+Equatable.swift */ = {isa = PBXFileReference; lastKnownFileType = sourcecode.swift; path = "PolynomialProtocol+Equatable.swift"; sourceTree = "<group>"; };
		48E70E922130620500DF10AF /* PolynomialProtocol+Differentiatable.swift */ = {isa = PBXFileReference; lastKnownFileType = sourcecode.swift; path = "PolynomialProtocol+Differentiatable.swift"; sourceTree = "<group>"; };
		48E70E942130621A00DF10AF /* TermProtocol+Differentiatable.swift */ = {isa = PBXFileReference; lastKnownFileType = sourcecode.swift; path = "TermProtocol+Differentiatable.swift"; sourceTree = "<group>"; };
		48E70E962130622C00DF10AF /* ExponentiationProtocol+Differentiatable.swift */ = {isa = PBXFileReference; lastKnownFileType = sourcecode.swift; path = "ExponentiationProtocol+Differentiatable.swift"; sourceTree = "<group>"; };
		48E70EB32130883800DF10AF /* PolynomialProtocol+Concatenation.swift */ = {isa = PBXFileReference; lastKnownFileType = sourcecode.swift; path = "PolynomialProtocol+Concatenation.swift"; sourceTree = "<group>"; };
		48E70EB52130891D00DF10AF /* TermProtocol+Concatenation.swift */ = {isa = PBXFileReference; lastKnownFileType = sourcecode.swift; path = "TermProtocol+Concatenation.swift"; sourceTree = "<group>"; };
		48F0A2BB2137248300C32C12 /* SipHash.framework */ = {isa = PBXFileReference; lastKnownFileType = wrapper.framework; name = SipHash.framework; path = Carthage/Build/iOS/SipHash.framework; sourceTree = "<group>"; };
		48F0A2BC2137248300C32C12 /* BigInt.framework */ = {isa = PBXFileReference; lastKnownFileType = wrapper.framework; name = BigInt.framework; path = Carthage/Build/iOS/BigInt.framework; sourceTree = "<group>"; };
		48FBE3BF2124A45E00ECD8D7 /* CustomOperators.swift */ = {isa = PBXFileReference; lastKnownFileType = sourcecode.swift; path = CustomOperators.swift; sourceTree = "<group>"; };
		48FBE3C22124A48300ECD8D7 /* ModulusMode.swift */ = {isa = PBXFileReference; lastKnownFileType = sourcecode.swift; path = ModulusMode.swift; sourceTree = "<group>"; };
		48FBE3C42124A49B00ECD8D7 /* Constant.swift */ = {isa = PBXFileReference; lastKnownFileType = sourcecode.swift; path = Constant.swift; sourceTree = "<group>"; };
		48FBE3C72124A63900ECD8D7 /* NamedVariable.swift */ = {isa = PBXFileReference; lastKnownFileType = sourcecode.swift; path = NamedVariable.swift; sourceTree = "<group>"; };
		48FBE3C92124A64C00ECD8D7 /* Variable.swift */ = {isa = PBXFileReference; lastKnownFileType = sourcecode.swift; path = Variable.swift; sourceTree = "<group>"; };
		48FBE3CB2124A6AA00ECD8D7 /* ModulusFunction.swift */ = {isa = PBXFileReference; lastKnownFileType = sourcecode.swift; path = ModulusFunction.swift; sourceTree = "<group>"; };
		48FBE3CD2124A6CC00ECD8D7 /* ExponentiationProtocol.swift */ = {isa = PBXFileReference; lastKnownFileType = sourcecode.swift; path = ExponentiationProtocol.swift; sourceTree = "<group>"; };
		48FBE3CF2124A91400ECD8D7 /* TermProtocol.swift */ = {isa = PBXFileReference; lastKnownFileType = sourcecode.swift; path = TermProtocol.swift; sourceTree = "<group>"; };
		48FBE3D22124ABC300ECD8D7 /* Negatable.swift */ = {isa = PBXFileReference; lastKnownFileType = sourcecode.swift; path = Negatable.swift; sourceTree = "<group>"; };
		48FBE3D42124ABCE00ECD8D7 /* Differentiatable.swift */ = {isa = PBXFileReference; lastKnownFileType = sourcecode.swift; path = Differentiatable.swift; sourceTree = "<group>"; };
		48FBE3D82124AEB100ECD8D7 /* Array_Extension.swift */ = {isa = PBXFileReference; lastKnownFileType = sourcecode.swift; path = Array_Extension.swift; sourceTree = "<group>"; };
		48FBE3DC212639C700ECD8D7 /* Algebraic.swift */ = {isa = PBXFileReference; lastKnownFileType = sourcecode.swift; path = Algebraic.swift; sourceTree = "<group>"; };
/* End PBXFileReference section */

/* Begin PBXFrameworksBuildPhase section */
		480227FF211B1FFC00AEFB58 /* Frameworks */ = {
			isa = PBXFrameworksBuildPhase;
			buildActionMask = 2147483647;
			files = (
			);
			runOnlyForDeploymentPostprocessing = 0;
		};
		4802280E211B203500AEFB58 /* Frameworks */ = {
			isa = PBXFrameworksBuildPhase;
			buildActionMask = 2147483647;
			files = (
				48022816211B203500AEFB58 /* EquationKit.framework in Frameworks */,
			);
			runOnlyForDeploymentPostprocessing = 0;
		};
		48E4044121317A77003DEA4B /* Frameworks */ = {
			isa = PBXFrameworksBuildPhase;
			buildActionMask = 2147483647;
			files = (
				48E4044921317A77003DEA4B /* EquationKit.framework in Frameworks */,
				48F0A2BD2137248300C32C12 /* SipHash.framework in Frameworks */,
				48F0A2BE2137248300C32C12 /* BigInt.framework in Frameworks */,
			);
			runOnlyForDeploymentPostprocessing = 0;
		};
/* End PBXFrameworksBuildPhase section */

/* Begin PBXGroup section */
		480227F8211B1FFC00AEFB58 = {
			isa = PBXGroup;
			children = (
				483FFBBD2137110B003F8A3F /* Configurations */,
				48022803211B1FFC00AEFB58 /* Products */,
				4815964A21318A1000C49431 /* Support */,
				48022804211B1FFC00AEFB58 /* Source */,
				482D230F21317B0A004B2E50 /* Tests */,
				4897470A21371AC4008C10EA /* Frameworks */,
			);
			sourceTree = "<group>";
		};
		48022803211B1FFC00AEFB58 /* Products */ = {
			isa = PBXGroup;
			children = (
				48022802211B1FFC00AEFB58 /* EquationKit.framework */,
				48022811211B203500AEFB58 /* EquationKitDoubleTests.xctest */,
				48E4044421317A77003DEA4B /* EquationKitBigIntTests.xctest */,
			);
			name = Products;
			sourceTree = "<group>";
		};
		48022804211B1FFC00AEFB58 /* Source */ = {
			isa = PBXGroup;
			children = (
				484D742321238C52003C1700 /* Code */,
				48022822211B209C00AEFB58 /* SupportingFiles */,
			);
			path = Source;
			sourceTree = "<group>";
		};
		48022822211B209C00AEFB58 /* SupportingFiles */ = {
			isa = PBXGroup;
			children = (
				48022823211B209C00AEFB58 /* EquationKit-Info.plist */,
				48022824211B209C00AEFB58 /* EquationKit.h */,
			);
			path = SupportingFiles;
			sourceTree = "<group>";
		};
		4815964A21318A1000C49431 /* Support */ = {
			isa = PBXGroup;
			children = (
				481596592132E52100C49431 /* Double */,
				481596522132E0B800C49431 /* BigInt */,
			);
			path = Support;
			sourceTree = "<group>";
		};
		481596522132E0B800C49431 /* BigInt */ = {
			isa = PBXGroup;
			children = (
				481596532132E0F800C49431 /* BigInt+IntegerNumberExpressible.swift */,
				481596552132E11900C49431 /* BigInt_Operators.swift */,
				481596572132E4C100C49431 /* BigInt_Variables.swift */,
			);
			path = BigInt;
			sourceTree = "<group>";
		};
		481596592132E52100C49431 /* Double */ = {
			isa = PBXGroup;
			children = (
				4815964B21318A4100C49431 /* Double_Operators.swift */,
				4815965A2132E57300C49431 /* Double_Variables.swift */,
			);
			path = Double;
			sourceTree = "<group>";
		};
		4815965C2132E5F200C49431 /* NumberExpressible */ = {
			isa = PBXGroup;
			children = (
				4818E1E5212DC92B0027D2C5 /* NumberExpressible.swift */,
				4815965D2132E65200C49431 /* FloatingPointNumberExpressible.swift */,
				4815965F2132E67300C49431 /* Double+FloatingPointNumberExpressible.swift */,
				481596612132E68400C49431 /* IntegerNumberExpressible.swift */,
				481596632132E69900C49431 /* Int+IntegerNumberExpressible.swift */,
			);
			path = NumberExpressible;
			sourceTree = "<group>";
		};
		4829729B21317D1400EB0CA9 /* Tests */ = {
			isa = PBXGroup;
			children = (
				4829729C21317D1400EB0CA9 /* Concatenation */,
				482972A321317D1400EB0CA9 /* PolynomialMultipliedByPolynomialTests.swift */,
				482972A421317D1400EB0CA9 /* PolynomialsExponentiatedTests.swift */,
				482972A521317D1400EB0CA9 /* Differentiation */,
				482972A721317D1400EB0CA9 /* ExponentiationArraySortingTests.swift */,
				482972A821317D1400EB0CA9 /* TermSortingTests.swift */,
				482972A921317D1400EB0CA9 /* ExploringRandomStuffTests.swift */,
			);
			path = Tests;
			sourceTree = "<group>";
		};
		4829729C21317D1400EB0CA9 /* Concatenation */ = {
			isa = PBXGroup;
			children = (
				4829729D21317D1400EB0CA9 /* Subtraction */,
				4829729F21317D1400EB0CA9 /* Multiplication */,
				482972A121317D1400EB0CA9 /* Addition */,
			);
			path = Concatenation;
			sourceTree = "<group>";
		};
		4829729D21317D1400EB0CA9 /* Subtraction */ = {
			isa = PBXGroup;
			children = (
				4829729E21317D1400EB0CA9 /* ConcatenationBySubtractionTests.swift */,
			);
			path = Subtraction;
			sourceTree = "<group>";
		};
		4829729F21317D1400EB0CA9 /* Multiplication */ = {
			isa = PBXGroup;
			children = (
				482972A021317D1400EB0CA9 /* ConcatenationByMultiplicationTests.swift */,
			);
			path = Multiplication;
			sourceTree = "<group>";
		};
		482972A121317D1400EB0CA9 /* Addition */ = {
			isa = PBXGroup;
			children = (
				482972A221317D1400EB0CA9 /* ConcatenationByAdditionTests.swift */,
			);
			path = Addition;
			sourceTree = "<group>";
		};
		482972A521317D1400EB0CA9 /* Differentiation */ = {
			isa = PBXGroup;
			children = (
				482972A621317D1400EB0CA9 /* SimpleDifferentiationTests.swift */,
			);
			path = Differentiation;
			sourceTree = "<group>";
		};
		482D230F21317B0A004B2E50 /* Tests */ = {
			isa = PBXGroup;
			children = (
				482D233221317B3C004B2E50 /* DoubleTests */,
				482D232921317B26004B2E50 /* BigIntTests */,
			);
			path = Tests;
			sourceTree = "<group>";
		};
		482D232921317B26004B2E50 /* BigIntTests */ = {
			isa = PBXGroup;
			children = (
				482D232A21317B26004B2E50 /* Tests */,
				482D232D21317B26004B2E50 /* SupportingFiles */,
			);
			path = BigIntTests;
			sourceTree = "<group>";
		};
		482D232A21317B26004B2E50 /* Tests */ = {
			isa = PBXGroup;
			children = (
				48AB0AF3213ABBEE00801711 /* MathematicalOperatorTests.swift */,
				482D232B21317B26004B2E50 /* BigIntAdditionTests.swift */,
			);
			path = Tests;
			sourceTree = "<group>";
		};
		482D232D21317B26004B2E50 /* SupportingFiles */ = {
			isa = PBXGroup;
			children = (
				482D232E21317B26004B2E50 /* EquationKit-BigIntTests-Info.plist */,
			);
			path = SupportingFiles;
			sourceTree = "<group>";
		};
		482D233221317B3C004B2E50 /* DoubleTests */ = {
			isa = PBXGroup;
			children = (
				4829729B21317D1400EB0CA9 /* Tests */,
				482D234221317B3D004B2E50 /* DoubleTestsBase.swift */,
				482D234321317B3D004B2E50 /* SupportingFiles */,
			);
			path = DoubleTests;
			sourceTree = "<group>";
		};
		482D234321317B3D004B2E50 /* SupportingFiles */ = {
			isa = PBXGroup;
			children = (
				482D234421317B3D004B2E50 /* EquationKit-DoubleTests-Info.plist */,
			);
			path = SupportingFiles;
			sourceTree = "<group>";
		};
		483FFBBD2137110B003F8A3F /* Configurations */ = {
			isa = PBXGroup;
			children = (
				489746ED213718A6008C10EA /* equationkit_debug.xcconfig */,
				4897470921371A06008C10EA /* equationkit.xcconfig */,
				489746F6213718A6008C10EA /* equationkit_release.xcconfig */,
				4897470821371968008C10EA /* equationkit_bigint_tests.xcconfig */,
				4897470721371968008C10EA /* equationkit_double_tests.xcconfig */,
			);
			path = Configurations;
			sourceTree = "<group>";
		};
		484D742321238C52003C1700 /* Code */ = {
			isa = PBXGroup;
			children = (
				48AB0AF0213A9CFF00801711 /* MathematicalOperators */,
				4815965C2132E5F200C49431 /* NumberExpressible */,
				48FBE3BF2124A45E00ECD8D7 /* CustomOperators.swift */,
				48E70E60213057AC00DF10AF /* Exponentiation */,
				48FBE3BC2124A3DD00ECD8D7 /* Extensions */,
				48FBE3C12124A47A00ECD8D7 /* Modulus */,
				48FBE3C62124A62D00ECD8D7 /* NamedVariables */,
				48E70E7E21305AEA00DF10AF /* Polynomial */,
				48FBE3D12124ABB300ECD8D7 /* Protocols */,
				48E70E8921305BD100DF10AF /* SortingOfTerms */,
				48E70E69213058B400DF10AF /* Term */,
			);
			path = Code;
			sourceTree = "<group>";
		};
		4897470A21371AC4008C10EA /* Frameworks */ = {
			isa = PBXGroup;
			children = (
				48F0A2BC2137248300C32C12 /* BigInt.framework */,
				48F0A2BB2137248300C32C12 /* SipHash.framework */,
			);
			name = Frameworks;
			sourceTree = "<group>";
		};
		48AB0AF0213A9CFF00801711 /* MathematicalOperators */ = {
			isa = PBXGroup;
			children = (
				48AB0AF6213AE17300801711 /* IntermediateOperandsFor_N-ary_Operators */,
				48AB0AF1213A9D1C00801711 /* Variable+Assignment.swift */,
				48AB0AFB213AE70500801711 /* PolynomialEvaluationOperators.swift */,
				48AB0B01213AE81600801711 /* PolynomialEvaluationSubtitutionOfVariablesToConstantsOperators.swift */,
				48AB0AFF213AE77300801711 /* PolynomialCongruenceEvaluationOperators.swift */,
				48AB0AFD213AE75400801711 /* ModularEvaluationOperand.swift */,
			);
			path = MathematicalOperators;
			sourceTree = "<group>";
		};
		48AB0AF6213AE17300801711 /* IntermediateOperandsFor_N-ary_Operators */ = {
			isa = PBXGroup;
			children = (
				48AB0AF7213AE19E00801711 /* NumberAndConstants.swift */,
				48AB0AF9213AE1BC00801711 /* CongruentEqualityOperand.swift */,
			);
			path = "IntermediateOperandsFor_N-ary_Operators";
			sourceTree = "<group>";
		};
		48E70E60213057AC00DF10AF /* Exponentiation */ = {
			isa = PBXGroup;
			children = (
				48FBE3CD2124A6CC00ECD8D7 /* ExponentiationProtocol.swift */,
				48E70E632130582000DF10AF /* ExponentiationProtocol+Comparable.swift */,
				48E70E672130587C00DF10AF /* ExponentiationProtocol+Concrete.swift */,
				48E70E652130585F00DF10AF /* ExponentiationProtocol+CustomStringConvertible.swift */,
				48E70E962130622C00DF10AF /* ExponentiationProtocol+Differentiatable.swift */,
				48E70E61213057FF00DF10AF /* ExponentiationProtocol+Evaluatable.swift */,
			);
			path = Exponentiation;
			sourceTree = "<group>";
		};
		48E70E69213058B400DF10AF /* Term */ = {
			isa = PBXGroup;
			children = (
				48FBE3CF2124A91400ECD8D7 /* TermProtocol.swift */,
				48E70E702130598500DF10AF /* TermProtocol+Comparable.swift */,
				48E70EB52130891D00DF10AF /* TermProtocol+Concatenation.swift */,
				48E70E6A213058E200DF10AF /* TermProtocol+Concrete.swift */,
				48E70E72213059C600DF10AF /* TermProtocol+CustomStringConvertible.swift */,
				48E70E942130621A00DF10AF /* TermProtocol+Differentiatable.swift */,
				48E70E6E2130597400DF10AF /* TermProtocol+Evaluatable.swift */,
				48E70E6C2130596300DF10AF /* TermProtocol+Negatable.swift */,
				48AB0AEC2139856300801711 /* TermProtocol+AbsoluteConvertible.swift */,
				48E70E7921305A8E00DF10AF /* TermProtocol+Sorting.swift */,
			);
			path = Term;
			sourceTree = "<group>";
		};
		48E70E7E21305AEA00DF10AF /* Polynomial */ = {
			isa = PBXGroup;
			children = (
				484D742421238C64003C1700 /* PolynomialProtocol.swift */,
				48E70EB32130883800DF10AF /* PolynomialProtocol+Concatenation.swift */,
				48E70E7F21305B1300DF10AF /* PolynomialProtocol+Concrete.swift */,
				48E70E8121305B5500DF10AF /* PolynomialProtocol+CustomStringConvertible.swift */,
				48E70E8721305BA600DF10AF /* PolynomialProtocol+Equatable.swift */,
				48E70E8521305B7C00DF10AF /* PolynomialProtocol+Evaluatable.swift */,
				48E70E8321305B6A00DF10AF /* PolynomialProtocol+Negatable.swift */,
				48AB0AEE2139857A00801711 /* PolynomialProtocol+AbsoluteConvertible.swift */,
				48E70E922130620500DF10AF /* PolynomialProtocol+Differentiatable.swift */,
			);
			path = Polynomial;
			sourceTree = "<group>";
		};
		48E70E8921305BD100DF10AF /* SortingOfTerms */ = {
			isa = PBXGroup;
			children = (
				48D95970212C69B800C86B50 /* Sorting.swift */,
				48D95972212C69CC00C86B50 /* SortingBetweenTerms.swift */,
				48D95974212C69E100C86B50 /* SortingWithinTerm.swift */,
				48D95976212C69EE00C86B50 /* TermSorting.swift */,
			);
			path = SortingOfTerms;
			sourceTree = "<group>";
		};
		48FBE3BC2124A3DD00ECD8D7 /* Extensions */ = {
			isa = PBXGroup;
			children = (
				48FBE3D82124AEB100ECD8D7 /* Array_Extension.swift */,
				48D95963212C3E3400C86B50 /* Comparable_Extension.swift */,
			);
			path = Extensions;
			sourceTree = "<group>";
		};
		48FBE3C12124A47A00ECD8D7 /* Modulus */ = {
			isa = PBXGroup;
			children = (
				48FBE3CB2124A6AA00ECD8D7 /* ModulusFunction.swift */,
				48FBE3C22124A48300ECD8D7 /* ModulusMode.swift */,
			);
			path = Modulus;
			sourceTree = "<group>";
		};
		48FBE3C62124A62D00ECD8D7 /* NamedVariables */ = {
			isa = PBXGroup;
			children = (
				48FBE3C42124A49B00ECD8D7 /* Constant.swift */,
				48FBE3C72124A63900ECD8D7 /* NamedVariable.swift */,
				48FBE3C92124A64C00ECD8D7 /* Variable.swift */,
			);
			path = NamedVariables;
			sourceTree = "<group>";
		};
		48FBE3D12124ABB300ECD8D7 /* Protocols */ = {
			isa = PBXGroup;
			children = (
				48FBE3DC212639C700ECD8D7 /* Algebraic.swift */,
				48FBE3D42124ABCE00ECD8D7 /* Differentiatable.swift */,
				4815964D2131909400C49431 /* Evaluatable.swift */,
				48FBE3D22124ABC300ECD8D7 /* Negatable.swift */,
				48AB0AEA213981FA00801711 /* AbsoluteConvertible.swift */,
				4815964F2132D7BB00C49431 /* Solvable.swift */,
			);
			path = Protocols;
			sourceTree = "<group>";
		};
/* End PBXGroup section */

/* Begin PBXHeadersBuildPhase section */
		480227FD211B1FFC00AEFB58 /* Headers */ = {
			isa = PBXHeadersBuildPhase;
			buildActionMask = 2147483647;
			files = (
				48022825211B20A400AEFB58 /* EquationKit.h in Headers */,
			);
			runOnlyForDeploymentPostprocessing = 0;
		};
/* End PBXHeadersBuildPhase section */

/* Begin PBXNativeTarget section */
		48022801211B1FFC00AEFB58 /* EquationKit */ = {
			isa = PBXNativeTarget;
			buildConfigurationList = 4802280A211B1FFD00AEFB58 /* Build configuration list for PBXNativeTarget "EquationKit" */;
			buildPhases = (
				480227FD211B1FFC00AEFB58 /* Headers */,
				480227FE211B1FFC00AEFB58 /* Sources */,
				480227FF211B1FFC00AEFB58 /* Frameworks */,
				48022800211B1FFC00AEFB58 /* Resources */,
				4897470F21371ADE008C10EA /* Carthage */,
			);
			buildRules = (
			);
			dependencies = (
			);
			name = EquationKit;
			productName = EquationKit;
			productReference = 48022802211B1FFC00AEFB58 /* EquationKit.framework */;
			productType = "com.apple.product-type.framework";
		};
		48022810211B203500AEFB58 /* EquationKitDoubleTests */ = {
			isa = PBXNativeTarget;
			buildConfigurationList = 48022819211B203500AEFB58 /* Build configuration list for PBXNativeTarget "EquationKitDoubleTests" */;
			buildPhases = (
				4802280D211B203500AEFB58 /* Sources */,
				4802280E211B203500AEFB58 /* Frameworks */,
				4802280F211B203500AEFB58 /* Resources */,
			);
			buildRules = (
			);
			dependencies = (
				48022818211B203500AEFB58 /* PBXTargetDependency */,
			);
			name = EquationKitDoubleTests;
			productName = EquationKitTests;
			productReference = 48022811211B203500AEFB58 /* EquationKitDoubleTests.xctest */;
			productType = "com.apple.product-type.bundle.unit-test";
		};
		48E4044321317A77003DEA4B /* EquationKitBigIntTests */ = {
			isa = PBXNativeTarget;
			buildConfigurationList = 48E4044C21317A77003DEA4B /* Build configuration list for PBXNativeTarget "EquationKitBigIntTests" */;
			buildPhases = (
				48E4044021317A77003DEA4B /* Sources */,
				48E4044121317A77003DEA4B /* Frameworks */,
				48E4044221317A77003DEA4B /* Resources */,
				48F0A2C12137264A00C32C12 /* Embed Frameworks */,
			);
			buildRules = (
			);
			dependencies = (
				48F0A2C0213725CB00C32C12 /* PBXTargetDependency */,
			);
			name = EquationKitBigIntTests;
			productName = EquationKitBigIntTests;
			productReference = 48E4044421317A77003DEA4B /* EquationKitBigIntTests.xctest */;
			productType = "com.apple.product-type.bundle.unit-test";
		};
/* End PBXNativeTarget section */

/* Begin PBXProject section */
		480227F9211B1FFC00AEFB58 /* Project object */ = {
			isa = PBXProject;
			attributes = {
				LastSwiftUpdateCheck = 1000;
				LastUpgradeCheck = 1000;
				ORGANIZATIONNAME = Sajjon;
				TargetAttributes = {
					48022801211B1FFC00AEFB58 = {
						CreatedOnToolsVersion = 10.0;
						LastSwiftMigration = 1000;
					};
					48022810211B203500AEFB58 = {
						CreatedOnToolsVersion = 10.0;
						LastSwiftMigration = 1000;
					};
					48E4044321317A77003DEA4B = {
						CreatedOnToolsVersion = 10.0;
					};
				};
			};
			buildConfigurationList = 480227FC211B1FFC00AEFB58 /* Build configuration list for PBXProject "EquationKit" */;
			compatibilityVersion = "Xcode 9.3";
			developmentRegion = en;
			hasScannedForEncodings = 0;
			knownRegions = (
				en,
			);
			mainGroup = 480227F8211B1FFC00AEFB58;
			productRefGroup = 48022803211B1FFC00AEFB58 /* Products */;
			projectDirPath = "";
			projectRoot = "";
			targets = (
				48022801211B1FFC00AEFB58 /* EquationKit */,
				48022810211B203500AEFB58 /* EquationKitDoubleTests */,
				48E4044321317A77003DEA4B /* EquationKitBigIntTests */,
			);
		};
/* End PBXProject section */

/* Begin PBXResourcesBuildPhase section */
		48022800211B1FFC00AEFB58 /* Resources */ = {
			isa = PBXResourcesBuildPhase;
			buildActionMask = 2147483647;
			files = (
			);
			runOnlyForDeploymentPostprocessing = 0;
		};
		4802280F211B203500AEFB58 /* Resources */ = {
			isa = PBXResourcesBuildPhase;
			buildActionMask = 2147483647;
			files = (
			);
			runOnlyForDeploymentPostprocessing = 0;
		};
		48E4044221317A77003DEA4B /* Resources */ = {
			isa = PBXResourcesBuildPhase;
			buildActionMask = 2147483647;
			files = (
			);
			runOnlyForDeploymentPostprocessing = 0;
		};
/* End PBXResourcesBuildPhase section */

/* Begin PBXShellScriptBuildPhase section */
		4897470F21371ADE008C10EA /* Carthage */ = {
			isa = PBXShellScriptBuildPhase;
			buildActionMask = 2147483647;
			files = (
			);
			inputFileListPaths = (
			);
			inputPaths = (
				"$(SRCROOT)/Carthage/Build/iOS/BigInt.framework",
				"$(SRCROOT)/Carthage/Build/iOS/SipHash.framework",
			);
			name = Carthage;
			outputFileListPaths = (
			);
			outputPaths = (
				"$(BUILT_PRODUCTS_DIR)/$(FRAMEWORKS_FOLDER_PATH)/BigInt.framework",
				"$(BUILT_PRODUCTS_DIR)/$(FRAMEWORKS_FOLDER_PATH)/SipHash.framework",
			);
			runOnlyForDeploymentPostprocessing = 0;
			shellPath = /bin/sh;
			shellScript = "# /usr/local/bin/carthage copy-frameworks\necho \"not using carthage for main target, but used by unit test\"\n";
		};
/* End PBXShellScriptBuildPhase section */

/* Begin PBXSourcesBuildPhase section */
		480227FE211B1FFC00AEFB58 /* Sources */ = {
			isa = PBXSourcesBuildPhase;
			buildActionMask = 2147483647;
			files = (
				48E70EB42130883800DF10AF /* PolynomialProtocol+Concatenation.swift in Sources */,
				48AB0AF2213A9D1C00801711 /* Variable+Assignment.swift in Sources */,
				48E70E952130621A00DF10AF /* TermProtocol+Differentiatable.swift in Sources */,
				48E70E642130582000DF10AF /* ExponentiationProtocol+Comparable.swift in Sources */,
				487C60D6212F086F00F72442 /* PolynomialProtocol.swift in Sources */,
				481596622132E68400C49431 /* IntegerNumberExpressible.swift in Sources */,
				48E70E8621305B7C00DF10AF /* PolynomialProtocol+Evaluatable.swift in Sources */,
				481596642132E69900C49431 /* Int+IntegerNumberExpressible.swift in Sources */,
				481596502132D7BB00C49431 /* Solvable.swift in Sources */,
				48E70E712130598500DF10AF /* TermProtocol+Comparable.swift in Sources */,
				48AB0AF8213AE19E00801711 /* NumberAndConstants.swift in Sources */,
				48E70E6F2130597400DF10AF /* TermProtocol+Evaluatable.swift in Sources */,
				487C60C0212F053A00F72442 /* Negatable.swift in Sources */,
				48E70EBB21315C4900DF10AF /* TermSorting.swift in Sources */,
				487C60C1212F054900F72442 /* NamedVariable.swift in Sources */,
				487C60D1212F07C100F72442 /* TermProtocol.swift in Sources */,
				487C60D7212F0B0000F72442 /* CustomOperators.swift in Sources */,
				487C60D8212F0B0500F72442 /* Comparable_Extension.swift in Sources */,
				48E70E932130620500DF10AF /* PolynomialProtocol+Differentiatable.swift in Sources */,
				48E70EA82130649A00DF10AF /* Sorting.swift in Sources */,
				487C60C6212F058900F72442 /* ModulusMode.swift in Sources */,
				481596602132E67400C49431 /* Double+FloatingPointNumberExpressible.swift in Sources */,
				48AB0AED2139856300801711 /* TermProtocol+AbsoluteConvertible.swift in Sources */,
				48E70E62213057FF00DF10AF /* ExponentiationProtocol+Evaluatable.swift in Sources */,
				48E70E6D2130596300DF10AF /* TermProtocol+Negatable.swift in Sources */,
				48E70E8221305B5500DF10AF /* PolynomialProtocol+CustomStringConvertible.swift in Sources */,
				48E70E73213059C600DF10AF /* TermProtocol+CustomStringConvertible.swift in Sources */,
				48E70E662130585F00DF10AF /* ExponentiationProtocol+CustomStringConvertible.swift in Sources */,
				48E70EB62130891D00DF10AF /* TermProtocol+Concatenation.swift in Sources */,
				4815964E2131909400C49431 /* Evaluatable.swift in Sources */,
				48E70E7A21305A8E00DF10AF /* TermProtocol+Sorting.swift in Sources */,
				4838F14A212F4AF9008D5626 /* Differentiatable.swift in Sources */,
				48E70EA92130649A00DF10AF /* SortingBetweenTerms.swift in Sources */,
				48E70E6B213058E200DF10AF /* TermProtocol+Concrete.swift in Sources */,
				4815965E2132E65200C49431 /* FloatingPointNumberExpressible.swift in Sources */,
				48AB0AEB213981FA00801711 /* AbsoluteConvertible.swift in Sources */,
				487C60C8212F059900F72442 /* Constant.swift in Sources */,
				487C60CD212F068300F72442 /* Algebraic.swift in Sources */,
				48AB0AEF2139857A00801711 /* PolynomialProtocol+AbsoluteConvertible.swift in Sources */,
				48E70E8021305B1300DF10AF /* PolynomialProtocol+Concrete.swift in Sources */,
				487C60C7212F058C00F72442 /* ModulusFunction.swift in Sources */,
				487C60C4212F057100F72442 /* Variable.swift in Sources */,
				48AB0AFA213AE1BC00801711 /* CongruentEqualityOperand.swift in Sources */,
				48E70E8821305BA600DF10AF /* PolynomialProtocol+Equatable.swift in Sources */,
				48E70EAA2130649A00DF10AF /* SortingWithinTerm.swift in Sources */,
				48E70E8421305B6A00DF10AF /* PolynomialProtocol+Negatable.swift in Sources */,
				48AB0B00213AE77300801711 /* PolynomialCongruenceEvaluationOperators.swift in Sources */,
				48AB0AFE213AE75400801711 /* ModularEvaluationOperand.swift in Sources */,
				48AB0B02213AE81600801711 /* PolynomialEvaluationSubtitutionOfVariablesToConstantsOperators.swift in Sources */,
				487C60C5212F057F00F72442 /* NumberExpressible.swift in Sources */,
				487C60CF212F06C300F72442 /* ExponentiationProtocol.swift in Sources */,
				487C60CA212F05CB00F72442 /* Array_Extension.swift in Sources */,
				48AB0AFC213AE70500801711 /* PolynomialEvaluationOperators.swift in Sources */,
				48E70E682130587C00DF10AF /* ExponentiationProtocol+Concrete.swift in Sources */,
				48E70E972130622C00DF10AF /* ExponentiationProtocol+Differentiatable.swift in Sources */,
			);
			runOnlyForDeploymentPostprocessing = 0;
		};
		4802280D211B203500AEFB58 /* Sources */ = {
			isa = PBXSourcesBuildPhase;
			buildActionMask = 2147483647;
			files = (
				481596422131804D00C49431 /* PolynomialsExponentiatedTests.swift in Sources */,
				482D234E21317B3D004B2E50 /* DoubleTestsBase.swift in Sources */,
				481596492131831100C49431 /* ExploringRandomStuffTests.swift in Sources */,
				48159644213182E200C49431 /* ConcatenationByMultiplicationTests.swift in Sources */,
				4815965B2132E57300C49431 /* Double_Variables.swift in Sources */,
				48159645213182F100C49431 /* ConcatenationByAdditionTests.swift in Sources */,
				481596482131830E00C49431 /* TermSortingTests.swift in Sources */,
				48159643213182DE00C49431 /* ConcatenationBySubtractionTests.swift in Sources */,
				481596472131830B00C49431 /* ExponentiationArraySortingTests.swift in Sources */,
				481596462131830800C49431 /* SimpleDifferentiationTests.swift in Sources */,
				4815964C21318A4100C49431 /* Double_Operators.swift in Sources */,
				482972AA21317D2700EB0CA9 /* PolynomialMultipliedByPolynomialTests.swift in Sources */,
			);
			runOnlyForDeploymentPostprocessing = 0;
		};
		48E4044021317A77003DEA4B /* Sources */ = {
			isa = PBXSourcesBuildPhase;
			buildActionMask = 2147483647;
			files = (
				48F0A2C5213727B300C32C12 /* BigInt_Operators.swift in Sources */,
				48AB0AF5213ABDBD00801711 /* MathematicalOperatorTests.swift in Sources */,
				482D232F21317B26004B2E50 /* BigIntAdditionTests.swift in Sources */,
				48F0A2C4213727B300C32C12 /* BigInt+IntegerNumberExpressible.swift in Sources */,
				48F0A2C6213727B300C32C12 /* BigInt_Variables.swift in Sources */,
			);
			runOnlyForDeploymentPostprocessing = 0;
		};
/* End PBXSourcesBuildPhase section */

/* Begin PBXTargetDependency section */
		48022818211B203500AEFB58 /* PBXTargetDependency */ = {
			isa = PBXTargetDependency;
			target = 48022801211B1FFC00AEFB58 /* EquationKit */;
			targetProxy = 48022817211B203500AEFB58 /* PBXContainerItemProxy */;
		};
		48F0A2C0213725CB00C32C12 /* PBXTargetDependency */ = {
			isa = PBXTargetDependency;
			target = 48022801211B1FFC00AEFB58 /* EquationKit */;
			targetProxy = 48F0A2BF213725CB00C32C12 /* PBXContainerItemProxy */;
		};
/* End PBXTargetDependency section */

/* Begin XCBuildConfiguration section */
		48022808211B1FFD00AEFB58 /* Debug */ = {
			isa = XCBuildConfiguration;
			baseConfigurationReference = 489746ED213718A6008C10EA /* equationkit_debug.xcconfig */;
			buildSettings = {
			};
			name = Debug;
		};
		48022809211B1FFD00AEFB58 /* Release */ = {
			isa = XCBuildConfiguration;
			baseConfigurationReference = 489746F6213718A6008C10EA /* equationkit_release.xcconfig */;
			buildSettings = {
			};
			name = Release;
		};
		4802280B211B1FFD00AEFB58 /* Debug */ = {
			isa = XCBuildConfiguration;
			baseConfigurationReference = 489746ED213718A6008C10EA /* equationkit_debug.xcconfig */;
			buildSettings = {
			};
			name = Debug;
		};
		4802280C211B1FFD00AEFB58 /* Release */ = {
			isa = XCBuildConfiguration;
			baseConfigurationReference = 489746F6213718A6008C10EA /* equationkit_release.xcconfig */;
			buildSettings = {
			};
			name = Release;
		};
		4802281A211B203500AEFB58 /* Debug */ = {
			isa = XCBuildConfiguration;
			baseConfigurationReference = 4897470721371968008C10EA /* equationkit_double_tests.xcconfig */;
			buildSettings = {
			};
			name = Debug;
		};
		4802281B211B203500AEFB58 /* Release */ = {
			isa = XCBuildConfiguration;
			baseConfigurationReference = 4897470721371968008C10EA /* equationkit_double_tests.xcconfig */;
			buildSettings = {
			};
			name = Release;
		};
		48E4044D21317A77003DEA4B /* Debug */ = {
			isa = XCBuildConfiguration;
			baseConfigurationReference = 4897470821371968008C10EA /* equationkit_bigint_tests.xcconfig */;
			buildSettings = {
			};
			name = Debug;
		};
		48E4044E21317A77003DEA4B /* Release */ = {
			isa = XCBuildConfiguration;
			baseConfigurationReference = 4897470821371968008C10EA /* equationkit_bigint_tests.xcconfig */;
			buildSettings = {
			};
			name = Release;
		};
/* End XCBuildConfiguration section */

/* Begin XCConfigurationList section */
		480227FC211B1FFC00AEFB58 /* Build configuration list for PBXProject "EquationKit" */ = {
			isa = XCConfigurationList;
			buildConfigurations = (
				48022808211B1FFD00AEFB58 /* Debug */,
				48022809211B1FFD00AEFB58 /* Release */,
			);
			defaultConfigurationIsVisible = 0;
			defaultConfigurationName = Release;
		};
		4802280A211B1FFD00AEFB58 /* Build configuration list for PBXNativeTarget "EquationKit" */ = {
			isa = XCConfigurationList;
			buildConfigurations = (
				4802280B211B1FFD00AEFB58 /* Debug */,
				4802280C211B1FFD00AEFB58 /* Release */,
			);
			defaultConfigurationIsVisible = 0;
			defaultConfigurationName = Release;
		};
		48022819211B203500AEFB58 /* Build configuration list for PBXNativeTarget "EquationKitDoubleTests" */ = {
			isa = XCConfigurationList;
			buildConfigurations = (
				4802281A211B203500AEFB58 /* Debug */,
				4802281B211B203500AEFB58 /* Release */,
			);
			defaultConfigurationIsVisible = 0;
			defaultConfigurationName = Release;
		};
		48E4044C21317A77003DEA4B /* Build configuration list for PBXNativeTarget "EquationKitBigIntTests" */ = {
			isa = XCConfigurationList;
			buildConfigurations = (
				48E4044D21317A77003DEA4B /* Debug */,
				48E4044E21317A77003DEA4B /* Release */,
			);
			defaultConfigurationIsVisible = 0;
			defaultConfigurationName = Release;
		};
/* End XCConfigurationList section */
	};
	rootObject = 480227F9211B1FFC00AEFB58 /* Project object */;
}
