PODS:
  - BigInt (3.1.0):
    - SipHash (~> 1.2)
  - SipHash (1.2.2)

DEPENDENCIES:
  - BigInt

SPEC REPOS:
  https://github.com/cocoapods/specs.git:
    - BigInt
    - SipHash

SPEC CHECKSUMS:
  BigInt: 76b5dfdfa3e2e478d4ffdf161aeede5502e2742f
  SipHash: fad90a4683e420c52ef28063063dbbce248ea6d4

PODFILE CHECKSUM: 373010701c1e1ff28481eb1e4820914a2fc80236

COCOAPODS: 1.5.3
